// !$*UTF8*$!
{
	archiveVersion = 1;
	classes = {
	};
	objectVersion = 50;
	objects = {

/* Begin PBXBuildFile section */
		9153420C224AC24D0023C72A /* AppDelegate.swift in Sources */ = {isa = PBXBuildFile; fileRef = 9153420B224AC24D0023C72A /* AppDelegate.swift */; };
		91534211224AC24D0023C72A /* Main.storyboard in Resources */ = {isa = PBXBuildFile; fileRef = 9153420F224AC24D0023C72A /* Main.storyboard */; };
		91534213224AC2500023C72A /* Assets.xcassets in Resources */ = {isa = PBXBuildFile; fileRef = 91534212224AC2500023C72A /* Assets.xcassets */; };
		91534216224AC2500023C72A /* LaunchScreen.storyboard in Resources */ = {isa = PBXBuildFile; fileRef = 91534214224AC2500023C72A /* LaunchScreen.storyboard */; };
		91534222224AC2EA0023C72A /* ReplayKit.framework in Frameworks */ = {isa = PBXBuildFile; fileRef = 91534221224AC2EA0023C72A /* ReplayKit.framework */; };
		91534224224AD08C0023C72A /* RecorderViewController.swift in Sources */ = {isa = PBXBuildFile; fileRef = 91534223224AD08C0023C72A /* RecorderViewController.swift */; };
		91534226224AD7F80023C72A /* AppColors.xcassets in Resources */ = {isa = PBXBuildFile; fileRef = 91534225224AD7F80023C72A /* AppColors.xcassets */; };
		91534228224AD8770023C72A /* AppImages.xcassets in Resources */ = {isa = PBXBuildFile; fileRef = 91534227224AD8770023C72A /* AppImages.xcassets */; };
/* End PBXBuildFile section */

/* Begin PBXFileReference section */
		91534208224AC24D0023C72A /* DesappstreReplayKit.app */ = {isa = PBXFileReference; explicitFileType = wrapper.application; includeInIndex = 0; path = DesappstreReplayKit.app; sourceTree = BUILT_PRODUCTS_DIR; };
		9153420B224AC24D0023C72A /* AppDelegate.swift */ = {isa = PBXFileReference; lastKnownFileType = sourcecode.swift; path = AppDelegate.swift; sourceTree = "<group>"; };
		91534210224AC24D0023C72A /* Base */ = {isa = PBXFileReference; lastKnownFileType = file.storyboard; name = Base; path = Base.lproj/Main.storyboard; sourceTree = "<group>"; };
		91534212224AC2500023C72A /* Assets.xcassets */ = {isa = PBXFileReference; lastKnownFileType = folder.assetcatalog; path = Assets.xcassets; sourceTree = "<group>"; };
		91534215224AC2500023C72A /* Base */ = {isa = PBXFileReference; lastKnownFileType = file.storyboard; name = Base; path = Base.lproj/LaunchScreen.storyboard; sourceTree = "<group>"; };
		91534217224AC2500023C72A /* Info.plist */ = {isa = PBXFileReference; lastKnownFileType = text.plist.xml; path = Info.plist; sourceTree = "<group>"; };
		91534221224AC2EA0023C72A /* ReplayKit.framework */ = {isa = PBXFileReference; lastKnownFileType = wrapper.framework; name = ReplayKit.framework; path = System/Library/Frameworks/ReplayKit.framework; sourceTree = SDKROOT; };
		91534223224AD08C0023C72A /* RecorderViewController.swift */ = {isa = PBXFileReference; fileEncoding = 4; lastKnownFileType = sourcecode.swift; path = RecorderViewController.swift; sourceTree = "<group>"; };
		91534225224AD7F80023C72A /* AppColors.xcassets */ = {isa = PBXFileReference; lastKnownFileType = folder.assetcatalog; path = AppColors.xcassets; sourceTree = "<group>"; };
		91534227224AD8770023C72A /* AppImages.xcassets */ = {isa = PBXFileReference; lastKnownFileType = folder.assetcatalog; path = AppImages.xcassets; sourceTree = "<group>"; };
/* End PBXFileReference section */

/* Begin PBXFrameworksBuildPhase section */
		91534205224AC24D0023C72A /* Frameworks */ = {
			isa = PBXFrameworksBuildPhase;
			buildActionMask = 2147483647;
			files = (
				91534222224AC2EA0023C72A /* ReplayKit.framework in Frameworks */,
			);
			runOnlyForDeploymentPostprocessing = 0;
		};
/* End PBXFrameworksBuildPhase section */

/* Begin PBXGroup section */
		915341FF224AC24D0023C72A = {
			isa = PBXGroup;
			children = (
				9153420A224AC24D0023C72A /* DesappstreReplayKit */,
				91534209224AC24D0023C72A /* Products */,
				91534220224AC2EA0023C72A /* Frameworks */,
			);
			sourceTree = "<group>";
		};
		91534209224AC24D0023C72A /* Products */ = {
			isa = PBXGroup;
			children = (
				91534208224AC24D0023C72A /* DesappstreReplayKit.app */,
			);
			name = Products;
			sourceTree = "<group>";
		};
		9153420A224AC24D0023C72A /* DesappstreReplayKit */ = {
			isa = PBXGroup;
			children = (
				91534217224AC2500023C72A /* Info.plist */,
				9153420B224AC24D0023C72A /* AppDelegate.swift */,
				9153421F224AC2950023C72A /* Resources */,
				9153421E224AC28C0023C72A /* Views */,
				9153421D224AC27D0023C72A /* Controllers */,
			);
			path = DesappstreReplayKit;
			sourceTree = "<group>";
		};
		9153421D224AC27D0023C72A /* Controllers */ = {
			isa = PBXGroup;
			children = (
				91534223224AD08C0023C72A /* RecorderViewController.swift */,
			);
			path = Controllers;
			sourceTree = "<group>";
		};
		9153421E224AC28C0023C72A /* Views */ = {
			isa = PBXGroup;
			children = (
				9153420F224AC24D0023C72A /* Main.storyboard */,
				91534214224AC2500023C72A /* LaunchScreen.storyboard */,
			);
			path = Views;
			sourceTree = "<group>";
		};
		9153421F224AC2950023C72A /* Resources */ = {
			isa = PBXGroup;
			children = (
				91534212224AC2500023C72A /* Assets.xcassets */,
				91534225224AD7F80023C72A /* AppColors.xcassets */,
				91534227224AD8770023C72A /* AppImages.xcassets */,
			);
			path = Resources;
			sourceTree = "<group>";
		};
		91534220224AC2EA0023C72A /* Frameworks */ = {
			isa = PBXGroup;
			children = (
				91534221224AC2EA0023C72A /* ReplayKit.framework */,
			);
			name = Frameworks;
			sourceTree = "<group>";
		};
/* End PBXGroup section */

/* Begin PBXNativeTarget section */
		91534207224AC24D0023C72A /* DesappstreReplayKit */ = {
			isa = PBXNativeTarget;
			buildConfigurationList = 9153421A224AC2500023C72A /* Build configuration list for PBXNativeTarget "DesappstreReplayKit" */;
			buildPhases = (
				91534204224AC24D0023C72A /* Sources */,
				91534205224AC24D0023C72A /* Frameworks */,
				91534206224AC24D0023C72A /* Resources */,
			);
			buildRules = (
			);
			dependencies = (
			);
			name = DesappstreReplayKit;
			productName = DesappstreReplayKit;
			productReference = 91534208224AC24D0023C72A /* DesappstreReplayKit.app */;
			productType = "com.apple.product-type.application";
		};
/* End PBXNativeTarget section */

/* Begin PBXProject section */
		91534200224AC24D0023C72A /* Project object */ = {
			isa = PBXProject;
			attributes = {
				LastSwiftUpdateCheck = 1020;
				LastUpgradeCheck = 1020;
				ORGANIZATIONNAME = "desappstre {estudio}";
				TargetAttributes = {
					91534207224AC24D0023C72A = {
						CreatedOnToolsVersion = 10.2;
					};
				};
			};
			buildConfigurationList = 91534203224AC24D0023C72A /* Build configuration list for PBXProject "DesappstreReplayKit" */;
			compatibilityVersion = "Xcode 9.3";
			developmentRegion = en;
			hasScannedForEncodings = 0;
			knownRegions = (
				en,
				Base,
			);
			mainGroup = 915341FF224AC24D0023C72A;
			productRefGroup = 91534209224AC24D0023C72A /* Products */;
			projectDirPath = "";
			projectRoot = "";
			targets = (
				91534207224AC24D0023C72A /* DesappstreReplayKit */,
			);
		};
/* End PBXProject section */

/* Begin PBXResourcesBuildPhase section */
		91534206224AC24D0023C72A /* Resources */ = {
			isa = PBXResourcesBuildPhase;
			buildActionMask = 2147483647;
			files = (
				91534216224AC2500023C72A /* LaunchScreen.storyboard in Resources */,
				91534226224AD7F80023C72A /* AppColors.xcassets in Resources */,
				91534213224AC2500023C72A /* Assets.xcassets in Resources */,
				91534211224AC24D0023C72A /* Main.storyboard in Resources */,
				91534228224AD8770023C72A /* AppImages.xcassets in Resources */,
			);
			runOnlyForDeploymentPostprocessing = 0;
		};
/* End PBXResourcesBuildPhase section */

/* Begin PBXSourcesBuildPhase section */
		91534204224AC24D0023C72A /* Sources */ = {
			isa = PBXSourcesBuildPhase;
			buildActionMask = 2147483647;
			files = (
				91534224224AD08C0023C72A /* RecorderViewController.swift in Sources */,
				9153420C224AC24D0023C72A /* AppDelegate.swift in Sources */,
			);
			runOnlyForDeploymentPostprocessing = 0;
		};
/* End PBXSourcesBuildPhase section */

/* Begin PBXVariantGroup section */
		9153420F224AC24D0023C72A /* Main.storyboard */ = {
			isa = PBXVariantGroup;
			children = (
				91534210224AC24D0023C72A /* Base */,
			);
			name = Main.storyboard;
			sourceTree = "<group>";
		};
		91534214224AC2500023C72A /* LaunchScreen.storyboard */ = {
			isa = PBXVariantGroup;
			children = (
				91534215224AC2500023C72A /* Base */,
			);
			name = LaunchScreen.storyboard;
			sourceTree = "<group>";
		};
/* End PBXVariantGroup section */

/* Begin XCBuildConfiguration section */
		91534218224AC2500023C72A /* Debug */ = {
			isa = XCBuildConfiguration;
			buildSettings = {
				ALWAYS_SEARCH_USER_PATHS = NO;
				CLANG_ANALYZER_NONNULL = YES;
				CLANG_ANALYZER_NUMBER_OBJECT_CONVERSION = YES_AGGRESSIVE;
				CLANG_CXX_LANGUAGE_STANDARD = "gnu++14";
				CLANG_CXX_LIBRARY = "libc++";
				CLANG_ENABLE_MODULES = YES;
				CLANG_ENABLE_OBJC_ARC = YES;
				CLANG_ENABLE_OBJC_WEAK = YES;
				CLANG_WARN_BLOCK_CAPTURE_AUTORELEASING = YES;
				CLANG_WARN_BOOL_CONVERSION = YES;
				CLANG_WARN_COMMA = YES;
				CLANG_WARN_CONSTANT_CONVERSION = YES;
				CLANG_WARN_DEPRECATED_OBJC_IMPLEMENTATIONS = YES;
				CLANG_WARN_DIRECT_OBJC_ISA_USAGE = YES_ERROR;
				CLANG_WARN_DOCUMENTATION_COMMENTS = YES;
				CLANG_WARN_EMPTY_BODY = YES;
				CLANG_WARN_ENUM_CONVERSION = YES;
				CLANG_WARN_INFINITE_RECURSION = YES;
				CLANG_WARN_INT_CONVERSION = YES;
				CLANG_WARN_NON_LITERAL_NULL_CONVERSION = YES;
				CLANG_WARN_OBJC_IMPLICIT_RETAIN_SELF = YES;
				CLANG_WARN_OBJC_LITERAL_CONVERSION = YES;
				CLANG_WARN_OBJC_ROOT_CLASS = YES_ERROR;
				CLANG_WARN_RANGE_LOOP_ANALYSIS = YES;
				CLANG_WARN_STRICT_PROTOTYPES = YES;
				CLANG_WARN_SUSPICIOUS_MOVE = YES;
				CLANG_WARN_UNGUARDED_AVAILABILITY = YES_AGGRESSIVE;
				CLANG_WARN_UNREACHABLE_CODE = YES;
				CLANG_WARN__DUPLICATE_METHOD_MATCH = YES;
				CODE_SIGN_IDENTITY = "iPhone Developer";
				COPY_PHASE_STRIP = NO;
				DEBUG_INFORMATION_FORMAT = dwarf;
				ENABLE_STRICT_OBJC_MSGSEND = YES;
				ENABLE_TESTABILITY = YES;
				GCC_C_LANGUAGE_STANDARD = gnu11;
				GCC_DYNAMIC_NO_PIC = NO;
				GCC_NO_COMMON_BLOCKS = YES;
				GCC_OPTIMIZATION_LEVEL = 0;
				GCC_PREPROCESSOR_DEFINITIONS = (
					"DEBUG=1",
					"$(inherited)",
				);
				GCC_WARN_64_TO_32_BIT_CONVERSION = YES;
				GCC_WARN_ABOUT_RETURN_TYPE = YES_ERROR;
				GCC_WARN_UNDECLARED_SELECTOR = YES;
				GCC_WARN_UNINITIALIZED_AUTOS = YES_AGGRESSIVE;
				GCC_WARN_UNUSED_FUNCTION = YES;
				GCC_WARN_UNUSED_VARIABLE = YES;
				IPHONEOS_DEPLOYMENT_TARGET = 12.2;
				MTL_ENABLE_DEBUG_INFO = INCLUDE_SOURCE;
				MTL_FAST_MATH = YES;
				ONLY_ACTIVE_ARCH = YES;
				SDKROOT = iphoneos;
				SWIFT_ACTIVE_COMPILATION_CONDITIONS = DEBUG;
				SWIFT_OPTIMIZATION_LEVEL = "-Onone";
			};
			name = Debug;
		};
		91534219224AC2500023C72A /* Release */ = {
			isa = XCBuildConfiguration;
			buildSettings = {
				ALWAYS_SEARCH_USER_PATHS = NO;
				CLANG_ANALYZER_NONNULL = YES;
				CLANG_ANALYZER_NUMBER_OBJECT_CONVERSION = YES_AGGRESSIVE;
				CLANG_CXX_LANGUAGE_STANDARD = "gnu++14";
				CLANG_CXX_LIBRARY = "libc++";
				CLANG_ENABLE_MODULES = YES;
				CLANG_ENABLE_OBJC_ARC = YES;
				CLANG_ENABLE_OBJC_WEAK = YES;
				CLANG_WARN_BLOCK_CAPTURE_AUTORELEASING = YES;
				CLANG_WARN_BOOL_CONVERSION = YES;
				CLANG_WARN_COMMA = YES;
				CLANG_WARN_CONSTANT_CONVERSION = YES;
				CLANG_WARN_DEPRECATED_OBJC_IMPLEMENTATIONS = YES;
				CLANG_WARN_DIRECT_OBJC_ISA_USAGE = YES_ERROR;
				CLANG_WARN_DOCUMENTATION_COMMENTS = YES;
				CLANG_WARN_EMPTY_BODY = YES;
				CLANG_WARN_ENUM_CONVERSION = YES;
				CLANG_WARN_INFINITE_RECURSION = YES;
				CLANG_WARN_INT_CONVERSION = YES;
				CLANG_WARN_NON_LITERAL_NULL_CONVERSION = YES;
				CLANG_WARN_OBJC_IMPLICIT_RETAIN_SELF = YES;
				CLANG_WARN_OBJC_LITERAL_CONVERSION = YES;
				CLANG_WARN_OBJC_ROOT_CLASS = YES_ERROR;
				CLANG_WARN_RANGE_LOOP_ANALYSIS = YES;
				CLANG_WARN_STRICT_PROTOTYPES = YES;
				CLANG_WARN_SUSPICIOUS_MOVE = YES;
				CLANG_WARN_UNGUARDED_AVAILABILITY = YES_AGGRESSIVE;
				CLANG_WARN_UNREACHABLE_CODE = YES;
				CLANG_WARN__DUPLICATE_METHOD_MATCH = YES;
				CODE_SIGN_IDENTITY = "iPhone Developer";
				COPY_PHASE_STRIP = NO;
				DEBUG_INFORMATION_FORMAT = "dwarf-with-dsym";
				ENABLE_NS_ASSERTIONS = NO;
				ENABLE_STRICT_OBJC_MSGSEND = YES;
				GCC_C_LANGUAGE_STANDARD = gnu11;
				GCC_NO_COMMON_BLOCKS = YES;
				GCC_WARN_64_TO_32_BIT_CONVERSION = YES;
				GCC_WARN_ABOUT_RETURN_TYPE = YES_ERROR;
				GCC_WARN_UNDECLARED_SELECTOR = YES;
				GCC_WARN_UNINITIALIZED_AUTOS = YES_AGGRESSIVE;
				GCC_WARN_UNUSED_FUNCTION = YES;
				GCC_WARN_UNUSED_VARIABLE = YES;
				IPHONEOS_DEPLOYMENT_TARGET = 12.2;
				MTL_ENABLE_DEBUG_INFO = NO;
				MTL_FAST_MATH = YES;
				SDKROOT = iphoneos;
				SWIFT_COMPILATION_MODE = wholemodule;
				SWIFT_OPTIMIZATION_LEVEL = "-O";
				VALIDATE_PRODUCT = YES;
			};
			name = Release;
		};
		9153421B224AC2500023C72A /* Debug */ = {
			isa = XCBuildConfiguration;
			buildSettings = {
				ASSETCATALOG_COMPILER_APPICON_NAME = AppIcon;
				CODE_SIGN_STYLE = Automatic;
				DEVELOPMENT_TEAM = KQUX9WVW3M;
				INFOPLIST_FILE = DesappstreReplayKit/Info.plist;
				LD_RUNPATH_SEARCH_PATHS = (
					"$(inherited)",
					"@executable_path/Frameworks",
				);
				PRODUCT_BUNDLE_IDENTIFIER = com.desappstre.DesappstreReplayKit;
				PRODUCT_NAME = "$(TARGET_NAME)";
				SWIFT_VERSION = 5.0;
				TARGETED_DEVICE_FAMILY = "1,2";
			};
			name = Debug;
		};
		9153421C224AC2500023C72A /* Release */ = {
			isa = XCBuildConfiguration;
			buildSettings = {
				ASSETCATALOG_COMPILER_APPICON_NAME = AppIcon;
				CODE_SIGN_STYLE = Automatic;
				DEVELOPMENT_TEAM = KQUX9WVW3M;
				INFOPLIST_FILE = DesappstreReplayKit/Info.plist;
				LD_RUNPATH_SEARCH_PATHS = (
					"$(inherited)",
					"@executable_path/Frameworks",
				);
				PRODUCT_BUNDLE_IDENTIFIER = com.desappstre.DesappstreReplayKit;
				PRODUCT_NAME = "$(TARGET_NAME)";
				SWIFT_VERSION = 5.0;
				TARGETED_DEVICE_FAMILY = "1,2";
			};
			name = Release;
		};
/* End XCBuildConfiguration section */

/* Begin XCConfigurationList section */
		91534203224AC24D0023C72A /* Build configuration list for PBXProject "DesappstreReplayKit" */ = {
			isa = XCConfigurationList;
			buildConfigurations = (
				91534218224AC2500023C72A /* Debug */,
				91534219224AC2500023C72A /* Release */,
			);
			defaultConfigurationIsVisible = 0;
			defaultConfigurationName = Release;
		};
		9153421A224AC2500023C72A /* Build configuration list for PBXNativeTarget "DesappstreReplayKit" */ = {
			isa = XCConfigurationList;
			buildConfigurations = (
				9153421B224AC2500023C72A /* Debug */,
				9153421C224AC2500023C72A /* Release */,
			);
			defaultConfigurationIsVisible = 0;
			defaultConfigurationName = Release;
		};
/* End XCConfigurationList section */
	};
	rootObject = 91534200224AC24D0023C72A /* Project object */;
}
